
Microsoft Visual Studio Solution File, Format Version 12.00
# Visual Studio 15
VisualStudioVersion = 15.0.28307.168
MinimumVisualStudioVersion = 10.0.40219.1
Project("{9A19103F-16F7-4668-BE54-9A1E7A4F7556}") = "MTest.Web", "MTest.Web\MTest.Web.csproj", "{E6DB4F0E-E39E-45BE-83E6-936F48C5F72F}"
EndProject
Project("{9A19103F-16F7-4668-BE54-9A1E7A4F7556}") = "MTest.Model", "MTest.Model\MTest.Model.csproj", "{18AFE465-5AD1-4E07-92DD-F5F8EF999745}"
EndProject
Project("{FAE04EC0-301F-11D3-BF4B-00C04F79EFBC}") = "MTest.Repository", "MTest.Repository\MTest.Repository.csproj", "{AE142E74-E096-4F66-95DB-F0FF3939BAF5}"
EndProject
Project("{FAE04EC0-301F-11D3-BF4B-00C04F79EFBC}") = "MTest.Service", "MTest.Service\MTest.Service.csproj", "{239BE8BA-0D23-47FB-A9DB-3C25EA77C161}"
EndProject
Global
	GlobalSection(SolutionConfigurationPlatforms) = preSolution
		Debug|Any CPU = Debug|Any CPU
		Release|Any CPU = Release|Any CPU
	EndGlobalSection
	GlobalSection(ProjectConfigurationPlatforms) = postSolution
		{E6DB4F0E-E39E-45BE-83E6-936F48C5F72F}.Debug|Any CPU.ActiveCfg = Debug|Any CPU
		{E6DB4F0E-E39E-45BE-83E6-936F48C5F72F}.Debug|Any CPU.Build.0 = Debug|Any CPU
		{E6DB4F0E-E39E-45BE-83E6-936F48C5F72F}.Release|Any CPU.ActiveCfg = Release|Any CPU
		{E6DB4F0E-E39E-45BE-83E6-936F48C5F72F}.Release|Any CPU.Build.0 = Release|Any CPU
		{18AFE465-5AD1-4E07-92DD-F5F8EF999745}.Debug|Any CPU.ActiveCfg = Debug|Any CPU
		{18AFE465-5AD1-4E07-92DD-F5F8EF999745}.Debug|Any CPU.Build.0 = Debug|Any CPU
		{18AFE465-5AD1-4E07-92DD-F5F8EF999745}.Release|Any CPU.ActiveCfg = Release|Any CPU
		{18AFE465-5AD1-4E07-92DD-F5F8EF999745}.Release|Any CPU.Build.0 = Release|Any CPU
		{AE142E74-E096-4F66-95DB-F0FF3939BAF5}.Debug|Any CPU.ActiveCfg = Debug|Any CPU
		{AE142E74-E096-4F66-95DB-F0FF3939BAF5}.Debug|Any CPU.Build.0 = Debug|Any CPU
		{AE142E74-E096-4F66-95DB-F0FF3939BAF5}.Release|Any CPU.ActiveCfg = Release|Any CPU
		{AE142E74-E096-4F66-95DB-F0FF3939BAF5}.Release|Any CPU.Build.0 = Release|Any CPU
		{239BE8BA-0D23-47FB-A9DB-3C25EA77C161}.Debug|Any CPU.ActiveCfg = Debug|Any CPU
		{239BE8BA-0D23-47FB-A9DB-3C25EA77C161}.Debug|Any CPU.Build.0 = Debug|Any CPU
		{239BE8BA-0D23-47FB-A9DB-3C25EA77C161}.Release|Any CPU.ActiveCfg = Release|Any CPU
		{239BE8BA-0D23-47FB-A9DB-3C25EA77C161}.Release|Any CPU.Build.0 = Release|Any CPU
	EndGlobalSection
	GlobalSection(SolutionProperties) = preSolution
		HideSolutionNode = FALSE
	EndGlobalSection
	GlobalSection(ExtensibilityGlobals) = postSolution
		SolutionGuid = {2DA8A8ED-9247-46D9-A557-B0881F0E6F0F}
	EndGlobalSection
EndGlobal
